
Microsoft Visual Studio Solution File, Format Version 12.00
# Visual Studio Version 17
VisualStudioVersion = 17.12.35728.132
MinimumVisualStudioVersion = 10.0.40219.1
Project("{FAE04EC0-301F-11D3-BF4B-00C04F79EFBC}") = "Felda Travel Reminder System", "Felda Travel Reminder System.csproj", "{BF4E7C72-28CA-4641-92B4-BF2D9F69E7DC}"
EndProject
Project("{54435603-DBB4-11D2-8724-00A0C9A8B90C}") = "Felda Travel Reminder System Installer", "..\Felda Travel Reminder System Installer\Felda Travel Reminder System Installer.vdproj", "{343645E4-8945-4FEB-B083-0C9BD25BDC2D}"
EndProject
Global
	GlobalSection(SolutionConfigurationPlatforms) = preSolution
		Debug|Any CPU = Debug|Any CPU
		Release|Any CPU = Release|Any CPU
	EndGlobalSection
	GlobalSection(ProjectConfigurationPlatforms) = postSolution
		{BF4E7C72-28CA-4641-92B4-BF2D9F69E7DC}.Debug|Any CPU.ActiveCfg = Debug|Any CPU
		{BF4E7C72-28CA-4641-92B4-BF2D9F69E7DC}.Debug|Any CPU.Build.0 = Debug|Any CPU
		{BF4E7C72-28CA-4641-92B4-BF2D9F69E7DC}.Release|Any CPU.ActiveCfg = Release|Any CPU
		{BF4E7C72-28CA-4641-92B4-BF2D9F69E7DC}.Release|Any CPU.Build.0 = Release|Any CPU
		{343645E4-8945-4FEB-B083-0C9BD25BDC2D}.Debug|Any CPU.ActiveCfg = Debug
		{343645E4-8945-4FEB-B083-0C9BD25BDC2D}.Release|Any CPU.ActiveCfg = Release
	EndGlobalSection
	GlobalSection(SolutionProperties) = preSolution
		HideSolutionNode = FALSE
	EndGlobalSection
EndGlobal
